
Microsoft Visual Studio Solution File, Format Version 12.00
# Visual Studio Version 17
VisualStudioVersion = 17.0.31423.177
MinimumVisualStudioVersion = 10.0.40219.1
Project("{FAE04EC0-301F-11D3-BF4B-00C04F79EFBC}") = "CoreEFCrud", "CoreEFCrud\CoreEFCrud.csproj", "{2AB42A35-4650-4E52-B30C-E6919D0C93EF}"
EndProject
Global
	GlobalSection(SolutionConfigurationPlatforms) = preSolution
		Debug|Any CPU = Debug|Any CPU
		Release|Any CPU = Release|Any CPU
	EndGlobalSection
	GlobalSection(ProjectConfigurationPlatforms) = postSolution
		{2AB42A35-4650-4E52-B30C-E6919D0C93EF}.Debug|Any CPU.ActiveCfg = Debug|Any CPU
		{2AB42A35-4650-4E52-B30C-E6919D0C93EF}.Debug|Any CPU.Build.0 = Debug|Any CPU
		{2AB42A35-4650-4E52-B30C-E6919D0C93EF}.Release|Any CPU.ActiveCfg = Release|Any CPU
		{2AB42A35-4650-4E52-B30C-E6919D0C93EF}.Release|Any CPU.Build.0 = Release|Any CPU
	EndGlobalSection
	GlobalSection(SolutionProperties) = preSolution
		HideSolutionNode = FALSE
	EndGlobalSection
	GlobalSection(ExtensibilityGlobals) = postSolution
		SolutionGuid = {A91D3995-29FD-4E46-A14B-87D8BAC18195}
	EndGlobalSection
EndGlobal
